
Microsoft Visual Studio Solution File, Format Version 12.00
# Visual Studio Version 17
VisualStudioVersion = 17.3.32825.248
MinimumVisualStudioVersion = 10.0.40219.1
Project("{FAE04EC0-301F-11D3-BF4B-00C04F79EFBC}") = "ArrayAssignment4", "ArrayAssignment4\ArrayAssignment4.csproj", "{DBD04702-9B54-440E-8C96-545E88CD446F}"
EndProject
Global
	GlobalSection(SolutionConfigurationPlatforms) = preSolution
		Debug|Any CPU = Debug|Any CPU
		Release|Any CPU = Release|Any CPU
	EndGlobalSection
	GlobalSection(ProjectConfigurationPlatforms) = postSolution
		{DBD04702-9B54-440E-8C96-545E88CD446F}.Debug|Any CPU.ActiveCfg = Debug|Any CPU
		{DBD04702-9B54-440E-8C96-545E88CD446F}.Debug|Any CPU.Build.0 = Debug|Any CPU
		{DBD04702-9B54-440E-8C96-545E88CD446F}.Release|Any CPU.ActiveCfg = Release|Any CPU
		{DBD04702-9B54-440E-8C96-545E88CD446F}.Release|Any CPU.Build.0 = Release|Any CPU
	EndGlobalSection
	GlobalSection(SolutionProperties) = preSolution
		HideSolutionNode = FALSE
	EndGlobalSection
	GlobalSection(ExtensibilityGlobals) = postSolution
		SolutionGuid = {E5D5D6BE-7BAB-4293-9AB5-1FD1DE1096D2}
	EndGlobalSection
EndGlobal
